{
  "version": 1,
  "dependencies": {
    "net10.0": {
      "Dapr.AspNetCore": {
        "type": "Direct",
        "requested": "[1.18.4, )",
        "resolved": "1.18.4",
        "contentHash": "C8Ro2XGk0SYYxS3MZCHqpsntH5xrRlH+huTEHsGaiALx04BiKmLpbr5WXezK6aVEqXq3eQF1SieJJuruaC+mIg==",
        "dependencies": {
          "Dapr.Client": "1.18.4",
          "Dapr.Common": "1.18.4",
          "Google.Api.CommonProtos": "2.17.0",
          "Google.Protobuf": "3.35.0",
          "Grpc.Net.Client": "2.80.0",
          "Grpc.Reflection": "2.80.0"
        }
      },
      "OpenTelemetry.Exporter.OpenTelemetryProtocol": {
        "type": "Direct",
        "requested": "[1.17.0, )",
        "resolved": "1.17.0",
        "contentHash": "R1omQOrQpGlS0Cp5UIr/TAiuEA48JrPlgr1NPV5gESiTU7HhWU+ILe2EBSYb1fKdsSavZ7nZkHcUxAzofPqr2A==",
        "dependencies": {
          "OpenTelemetry": "1.17.0"
        }
      },
      "OpenTelemetry.Extensions.Hosting": {
        "type": "Direct",
        "requested": "[1.17.0, )",
        "resolved": "1.17.0",
        "contentHash": "t1OwL/4qgboGMobYVT+UV5zgWnFqCp4Pw8lcsmzh8m2K8PQsTKkyxrC32tqYTMYny3GOW4q5cltE3dTVzLmRew==",
        "dependencies": {
          "OpenTelemetry": "1.17.0"
        }
      },
      "OpenTelemetry.Instrumentation.AspNetCore": {
        "type": "Direct",
        "requested": "[1.17.0, )",
        "resolved": "1.17.0",
        "contentHash": "rGbmk1vuy1kvgZmE0ps7Vb99YZvDap6AalrrF60FwnNit1uW/PbeFZj1cpb0T8MPkYmjhBrRJ1/JB6QqXkRjHA==",
        "dependencies": {
          "OpenTelemetry.Api.ProviderBuilderExtensions": "[1.17.0, 2.0.0)"
        }
      },
      "OpenTelemetry.Instrumentation.Http": {
        "type": "Direct",
        "requested": "[1.17.0, )",
        "resolved": "1.17.0",
        "contentHash": "uTwVtxIJ/xB96wGYTaDsbkJVeCFdUxTwvrlDUn2YJixy0UuKc8DvQMzwKNJMTzNFiiyYO9c40id6tUHTmWs33A==",
        "dependencies": {
          "OpenTelemetry.Api.ProviderBuilderExtensions": "[1.17.0, 2.0.0)"
        }
      },
      "Dapr.Client": {
        "type": "Transitive",
        "resolved": "1.18.4",
        "contentHash": "XrAwIRwO0Kq7lBWrCLiMUrwab8XymZ2ZWj55lkkZdMKHf94ibSnA6ALzyCICCgMVXdgvpzgxxD/TgNJbinhQCA==",
        "dependencies": {
          "Dapr.Common": "1.18.4",
          "Dapr.Protos": "1.18.4",
          "Google.Api.CommonProtos": "2.17.0",
          "Google.Protobuf": "3.35.0",
          "Grpc.Net.Client": "2.80.0",
          "Grpc.Reflection": "2.80.0"
        }
      },
      "Dapr.Common": {
        "type": "Transitive",
        "resolved": "1.18.4",
        "contentHash": "jyGLqwtLvkeoJGORCZblfFtfAwtWQrQ2Y0krfQQdqQVtPKnhD2saU1pg0bU3PKNNbE/NXbTIAYW8TRi+7jUCNg==",
        "dependencies": {
          "Dapr.Protos": "1.18.4",
          "Google.Api.CommonProtos": "2.17.0",
          "Google.Protobuf": "3.35.0",
          "Grpc.Net.Client": "2.80.0",
          "Grpc.Reflection": "2.80.0"
        }
      },
      "Dapr.Protos": {
        "type": "Transitive",
        "resolved": "1.18.4",
        "contentHash": "/Ib5I0O1OkHpnUbFbQbor1meIhxQyLnEJHkUo5PGNa//Irer6kxOO/9zbak8CdTM73jwRp7zE2QFAfC3tKLGag==",
        "dependencies": {
          "Google.Api.CommonProtos": "2.17.0",
          "Google.Protobuf": "3.35.0",
          "Grpc.Net.Client": "2.80.0"
        }
      },
      "Google.Api.CommonProtos": {
        "type": "Transitive",
        "resolved": "2.17.0",
        "contentHash": "elfQPknFr495hm7vdy6ZlgyQh6yzZq9TU7sS35L/Fj/fqjM/mUGau9gVJLhvQEtUlPjtR80hpn/m9HvBMyCXIw==",
        "dependencies": {
          "Google.Protobuf": "[3.31.1, 4.0.0]"
        }
      },
      "Google.Protobuf": {
        "type": "Transitive",
        "resolved": "3.35.0",
        "contentHash": "OrUZCUzBXqdSmsQSWp/EPeINjOBcMU+PrZEJegw0aLgOGFHZ9ZI37X/SFrIxo8C9ghKynaKpPr3BVPc4EujWYg=="
      },
      "Grpc.Core.Api": {
        "type": "Transitive",
        "resolved": "2.80.0",
        "contentHash": "i/8s+MOrYa6n7BmZ5bilcbHk+EMJDQHm2MKLhwGAT+urQqlZ6cpjvSivYvuULjebuX+UKieLYZbLRCmVQxFRkw=="
      },
      "Grpc.Net.Client": {
        "type": "Transitive",
        "resolved": "2.80.0",
        "contentHash": "I1Aa24nTRMHqx0pmQfvthFsOpejquDjiJV6092KBqjw6EEr3wA9CMXlrdkoEgHartOiJrpKyZiQRl7n0NVlfBg==",
        "dependencies": {
          "Grpc.Net.Common": "2.80.0"
        }
      },
      "Grpc.Net.Common": {
        "type": "Transitive",
        "resolved": "2.80.0",
        "contentHash": "E2ERsx+9IXlry4yjBl8btx0XMIKzymGNSvX5jmBS/uSwYyYDoKIDcIREyLqFLvd8vcJdcoRlycpvn9YRXutFpQ==",
        "dependencies": {
          "Grpc.Core.Api": "2.80.0"
        }
      },
      "Grpc.Reflection": {
        "type": "Transitive",
        "resolved": "2.80.0",
        "contentHash": "SNGFuUR4OiJM9QUdkpP6gbFVrRKSe2xhL7lvXMP38gcgwPJBFC0wVUcYMue656YhPRIGEjeCa4iXjDQ+VQU2jQ==",
        "dependencies": {
          "Google.Protobuf": "3.31.1",
          "Grpc.Core.Api": "2.80.0"
        }
      },
      "OpenTelemetry": {
        "type": "Transitive",
        "resolved": "1.17.0",
        "contentHash": "rMLOTftlMlTm7+MSrvXDHnJRjVkROFNKXHZrYjOsX+LankaFG7QSflx7qRRGjoqZoirohnxmJQ7GEb9occO4Gg==",
        "dependencies": {
          "OpenTelemetry.Api.ProviderBuilderExtensions": "1.17.0"
        }
      },
      "OpenTelemetry.Api": {
        "type": "Transitive",
        "resolved": "1.17.0",
        "contentHash": "mSBxzomZgHIJu9CyVNqyDu/n2JHEtqVgfcCD1Br0cV5iLYogjZOMqhlVLt99PEp+0KGBNUR3GXgeOdN2GR3F9g=="
      },
      "OpenTelemetry.Api.ProviderBuilderExtensions": {
        "type": "Transitive",
        "resolved": "1.17.0",
        "contentHash": "Xgc3Qf9B9TFMFpx6exTdGqMWuYIT2miNzkdMPutVvT9YuMFaEovXWke1Gb6z8NxYaQbbGF38vYLuSg1JCeui5Q==",
        "dependencies": {
          "OpenTelemetry.Api": "1.17.0"
        }
      }
    }
  }
}